// !$*UTF8*$!
{
	archiveVersion = 1;
	classes = {
	};
	objectVersion = 51;
	objects = {

/* Begin PBXBuildFile section */
		C542CC8B2184BFFD007AE919 /* AppDelegate.swift in Sources */ = {isa = PBXBuildFile; fileRef = C542CC8A2184BFFD007AE919 /* AppDelegate.swift */; };
		C542CC8D2184BFFD007AE919 /* art.scnassets in Resources */ = {isa = PBXBuildFile; fileRef = C542CC8C2184BFFD007AE919 /* art.scnassets */; };
		C542CC8F2184BFFD007AE919 /* ViewController.swift in Sources */ = {isa = PBXBuildFile; fileRef = C542CC8E2184BFFD007AE919 /* ViewController.swift */; };
		C542CC922184BFFD007AE919 /* Main.storyboard in Resources */ = {isa = PBXBuildFile; fileRef = C542CC902184BFFD007AE919 /* Main.storyboard */; };
		C542CC942184BFFE007AE919 /* Assets.xcassets in Resources */ = {isa = PBXBuildFile; fileRef = C542CC932184BFFE007AE919 /* Assets.xcassets */; };
		C542CC972184BFFE007AE919 /* LaunchScreen.storyboard in Resources */ = {isa = PBXBuildFile; fileRef = C542CC952184BFFE007AE919 /* LaunchScreen.storyboard */; };
/* End PBXBuildFile section */

/* Begin PBXFileReference section */
		C542CC872184BFFD007AE919 /* HackOhio2018.app */ = {isa = PBXFileReference; explicitFileType = wrapper.application; includeInIndex = 0; path = HackOhio2018.app; sourceTree = BUILT_PRODUCTS_DIR; };
		C542CC8A2184BFFD007AE919 /* AppDelegate.swift */ = {isa = PBXFileReference; lastKnownFileType = sourcecode.swift; path = AppDelegate.swift; sourceTree = "<group>"; };
		C542CC8C2184BFFD007AE919 /* art.scnassets */ = {isa = PBXFileReference; lastKnownFileType = wrapper.scnassets; path = art.scnassets; sourceTree = "<group>"; };
		C542CC8E2184BFFD007AE919 /* ViewController.swift */ = {isa = PBXFileReference; lastKnownFileType = sourcecode.swift; path = ViewController.swift; sourceTree = "<group>"; };
		C542CC912184BFFD007AE919 /* Base */ = {isa = PBXFileReference; lastKnownFileType = file.storyboard; name = Base; path = Base.lproj/Main.storyboard; sourceTree = "<group>"; };
		C542CC932184BFFE007AE919 /* Assets.xcassets */ = {isa = PBXFileReference; lastKnownFileType = folder.assetcatalog; path = Assets.xcassets; sourceTree = "<group>"; };
		C542CC962184BFFE007AE919 /* Base */ = {isa = PBXFileReference; lastKnownFileType = file.storyboard; name = Base; path = Base.lproj/LaunchScreen.storyboard; sourceTree = "<group>"; };
		C542CC982184BFFE007AE919 /* Info.plist */ = {isa = PBXFileReference; lastKnownFileType = text.plist.xml; path = Info.plist; sourceTree = "<group>"; };
		C5F265D1218539C2006E082E /* pringles.png */ = {isa = PBXFileReference; lastKnownFileType = image.png; path = pringles.png; sourceTree = "<group>"; };
/* End PBXFileReference section */

/* Begin PBXFrameworksBuildPhase section */
		C542CC842184BFFD007AE919 /* Frameworks */ = {
			isa = PBXFrameworksBuildPhase;
			buildActionMask = 2147483647;
			files = (
			);
			runOnlyForDeploymentPostprocessing = 0;
		};
/* End PBXFrameworksBuildPhase section */

/* Begin PBXGroup section */
		C542CC7E2184BFFD007AE919 = {
			isa = PBXGroup;
			children = (
				C542CC892184BFFD007AE919 /* HackOhio2018 */,
				C542CC882184BFFD007AE919 /* Products */,
			);
			sourceTree = "<group>";
		};
		C542CC882184BFFD007AE919 /* Products */ = {
			isa = PBXGroup;
			children = (
				C542CC872184BFFD007AE919 /* HackOhio2018.app */,
			);
			name = Products;
			sourceTree = "<group>";
		};
		C542CC892184BFFD007AE919 /* HackOhio2018 */ = {
			isa = PBXGroup;
			children = (
				C542CC8A2184BFFD007AE919 /* AppDelegate.swift */,
				C542CC8C2184BFFD007AE919 /* art.scnassets */,
				C542CC8E2184BFFD007AE919 /* ViewController.swift */,
				C542CC902184BFFD007AE919 /* Main.storyboard */,
				C542CC932184BFFE007AE919 /* Assets.xcassets */,
				C5F265D1218539C2006E082E /* pringles.png */,
				C542CC952184BFFE007AE919 /* LaunchScreen.storyboard */,
				C542CC982184BFFE007AE919 /* Info.plist */,
			);
			path = HackOhio2018;
			sourceTree = "<group>";
		};
/* End PBXGroup section */

/* Begin PBXNativeTarget section */
		C542CC862184BFFD007AE919 /* HackOhio2018 */ = {
			isa = PBXNativeTarget;
			buildConfigurationList = C542CC9B2184BFFE007AE919 /* Build configuration list for PBXNativeTarget "HackOhio2018" */;
			buildPhases = (
				C542CC832184BFFD007AE919 /* Sources */,
				C542CC842184BFFD007AE919 /* Frameworks */,
				C542CC852184BFFD007AE919 /* Resources */,
			);
			buildRules = (
			);
			dependencies = (
			);
			name = HackOhio2018;
			productName = HackOhio2018;
			productReference = C542CC872184BFFD007AE919 /* HackOhio2018.app */;
			productType = "com.apple.product-type.application";
		};
/* End PBXNativeTarget section */

/* Begin PBXProject section */
		C542CC7F2184BFFD007AE919 /* Project object */ = {
			isa = PBXProject;
			attributes = {
				LastSwiftUpdateCheck = 1010;
				LastUpgradeCheck = 1010;
				ORGANIZATIONNAME = "Jeremy Sandrof";
				TargetAttributes = {
					C542CC862184BFFD007AE919 = {
						CreatedOnToolsVersion = 10.1;
					};
				};
			};
			buildConfigurationList = C542CC822184BFFD007AE919 /* Build configuration list for PBXProject "HackOhio2018" */;
			compatibilityVersion = "Xcode 10.0";
			developmentRegion = en;
			hasScannedForEncodings = 0;
			knownRegions = (
				en,
				Base,
			);
			mainGroup = C542CC7E2184BFFD007AE919;
			productRefGroup = C542CC882184BFFD007AE919 /* Products */;
			projectDirPath = "";
			projectRoot = "";
			targets = (
				C542CC862184BFFD007AE919 /* HackOhio2018 */,
			);
		};
/* End PBXProject section */

/* Begin PBXResourcesBuildPhase section */
		C542CC852184BFFD007AE919 /* Resources */ = {
			isa = PBXResourcesBuildPhase;
			buildActionMask = 2147483647;
			files = (
				C542CC8D2184BFFD007AE919 /* art.scnassets in Resources */,
				C542CC972184BFFE007AE919 /* LaunchScreen.storyboard in Resources */,
				C542CC942184BFFE007AE919 /* Assets.xcassets in Resources */,
				C542CC922184BFFD007AE919 /* Main.storyboard in Resources */,
			);
			runOnlyForDeploymentPostprocessing = 0;
		};
/* End PBXResourcesBuildPhase section */

/* Begin PBXSourcesBuildPhase section */
		C542CC832184BFFD007AE919 /* Sources */ = {
			isa = PBXSourcesBuildPhase;
			buildActionMask = 2147483647;
			files = (
				C542CC8F2184BFFD007AE919 /* ViewController.swift in Sources */,
				C542CC8B2184BFFD007AE919 /* AppDelegate.swift in Sources */,
			);
			runOnlyForDeploymentPostprocessing = 0;
		};
/* End PBXSourcesBuildPhase section */

/* Begin PBXVariantGroup section */
		C542CC902184BFFD007AE919 /* Main.storyboard */ = {
			isa = PBXVariantGroup;
			children = (
				C542CC912184BFFD007AE919 /* Base */,
			);
			name = Main.storyboard;
			sourceTree = "<group>";
		};
		C542CC952184BFFE007AE919 /* LaunchScreen.storyboard */ = {
			isa = PBXVariantGroup;
			children = (
				C542CC962184BFFE007AE919 /* Base */,
			);
			name = LaunchScreen.storyboard;
			sourceTree = "<group>";
		};
/* End PBXVariantGroup section */

/* Begin XCBuildConfiguration section */
		C542CC992184BFFE007AE919 /* Debug */ = {
			isa = XCBuildConfiguration;
			buildSettings = {
				ALWAYS_SEARCH_USER_PATHS = NO;
				CLANG_ANALYZER_NONNULL = YES;
				CLANG_ANALYZER_NUMBER_OBJECT_CONVERSION = YES_AGGRESSIVE;
				CLANG_CXX_LANGUAGE_STANDARD = "gnu++14";
				CLANG_CXX_LIBRARY = "libc++";
				CLANG_ENABLE_MODULES = YES;
				CLANG_ENABLE_OBJC_ARC = YES;
				CLANG_ENABLE_OBJC_WEAK = YES;
				CLANG_WARN_BLOCK_CAPTURE_AUTORELEASING = YES;
				CLANG_WARN_BOOL_CONVERSION = YES;
				CLANG_WARN_COMMA = YES;
				CLANG_WARN_CONSTANT_CONVERSION = YES;
				CLANG_WARN_DEPRECATED_OBJC_IMPLEMENTATIONS = YES;
				CLANG_WARN_DIRECT_OBJC_ISA_USAGE = YES_ERROR;
				CLANG_WARN_DOCUMENTATION_COMMENTS = YES;
				CLANG_WARN_EMPTY_BODY = YES;
				CLANG_WARN_ENUM_CONVERSION = YES;
				CLANG_WARN_INFINITE_RECURSION = YES;
				CLANG_WARN_INT_CONVERSION = YES;
				CLANG_WARN_NON_LITERAL_NULL_CONVERSION = YES;
				CLANG_WARN_OBJC_IMPLICIT_RETAIN_SELF = YES;
				CLANG_WARN_OBJC_LITERAL_CONVERSION = YES;
				CLANG_WARN_OBJC_ROOT_CLASS = YES_ERROR;
				CLANG_WARN_RANGE_LOOP_ANALYSIS = YES;
				CLANG_WARN_STRICT_PROTOTYPES = YES;
				CLANG_WARN_SUSPICIOUS_MOVE = YES;
				CLANG_WARN_UNGUARDED_AVAILABILITY = YES_AGGRESSIVE;
				CLANG_WARN_UNREACHABLE_CODE = YES;
				CLANG_WARN__DUPLICATE_METHOD_MATCH = YES;
				CODE_SIGN_IDENTITY = "iPhone Developer";
				COPY_PHASE_STRIP = NO;
				DEBUG_INFORMATION_FORMAT = dwarf;
				ENABLE_STRICT_OBJC_MSGSEND = YES;
				ENABLE_TESTABILITY = YES;
				GCC_C_LANGUAGE_STANDARD = gnu11;
				GCC_DYNAMIC_NO_PIC = NO;
				GCC_NO_COMMON_BLOCKS = YES;
				GCC_OPTIMIZATION_LEVEL = 0;
				GCC_PREPROCESSOR_DEFINITIONS = (
					"DEBUG=1",
					"$(inherited)",
				);
				GCC_WARN_64_TO_32_BIT_CONVERSION = YES;
				GCC_WARN_ABOUT_RETURN_TYPE = YES_ERROR;
				GCC_WARN_UNDECLARED_SELECTOR = YES;
				GCC_WARN_UNINITIALIZED_AUTOS = YES_AGGRESSIVE;
				GCC_WARN_UNUSED_FUNCTION = YES;
				GCC_WARN_UNUSED_VARIABLE = YES;
				IPHONEOS_DEPLOYMENT_TARGET = 12.1;
				MTL_ENABLE_DEBUG_INFO = INCLUDE_SOURCE;
				MTL_FAST_MATH = YES;
				ONLY_ACTIVE_ARCH = YES;
				SDKROOT = iphoneos;
				SWIFT_ACTIVE_COMPILATION_CONDITIONS = DEBUG;
				SWIFT_OPTIMIZATION_LEVEL = "-Onone";
			};
			name = Debug;
		};
		C542CC9A2184BFFE007AE919 /* Release */ = {
			isa = XCBuildConfiguration;
			buildSettings = {
				ALWAYS_SEARCH_USER_PATHS = NO;
				CLANG_ANALYZER_NONNULL = YES;
				CLANG_ANALYZER_NUMBER_OBJECT_CONVERSION = YES_AGGRESSIVE;
				CLANG_CXX_LANGUAGE_STANDARD = "gnu++14";
				CLANG_CXX_LIBRARY = "libc++";
				CLANG_ENABLE_MODULES = YES;
				CLANG_ENABLE_OBJC_ARC = YES;
				CLANG_ENABLE_OBJC_WEAK = YES;
				CLANG_WARN_BLOCK_CAPTURE_AUTORELEASING = YES;
				CLANG_WARN_BOOL_CONVERSION = YES;
				CLANG_WARN_COMMA = YES;
				CLANG_WARN_CONSTANT_CONVERSION = YES;
				CLANG_WARN_DEPRECATED_OBJC_IMPLEMENTATIONS = YES;
				CLANG_WARN_DIRECT_OBJC_ISA_USAGE = YES_ERROR;
				CLANG_WARN_DOCUMENTATION_COMMENTS = YES;
				CLANG_WARN_EMPTY_BODY = YES;
				CLANG_WARN_ENUM_CONVERSION = YES;
				CLANG_WARN_INFINITE_RECURSION = YES;
				CLANG_WARN_INT_CONVERSION = YES;
				CLANG_WARN_NON_LITERAL_NULL_CONVERSION = YES;
				CLANG_WARN_OBJC_IMPLICIT_RETAIN_SELF = YES;
				CLANG_WARN_OBJC_LITERAL_CONVERSION = YES;
				CLANG_WARN_OBJC_ROOT_CLASS = YES_ERROR;
				CLANG_WARN_RANGE_LOOP_ANALYSIS = YES;
				CLANG_WARN_STRICT_PROTOTYPES = YES;
				CLANG_WARN_SUSPICIOUS_MOVE = YES;
				CLANG_WARN_UNGUARDED_AVAILABILITY = YES_AGGRESSIVE;
				CLANG_WARN_UNREACHABLE_CODE = YES;
				CLANG_WARN__DUPLICATE_METHOD_MATCH = YES;
				CODE_SIGN_IDENTITY = "iPhone Developer";
				COPY_PHASE_STRIP = NO;
				DEBUG_INFORMATION_FORMAT = "dwarf-with-dsym";
				ENABLE_NS_ASSERTIONS = NO;
				ENABLE_STRICT_OBJC_MSGSEND = YES;
				GCC_C_LANGUAGE_STANDARD = gnu11;
				GCC_NO_COMMON_BLOCKS = YES;
				GCC_WARN_64_TO_32_BIT_CONVERSION = YES;
				GCC_WARN_ABOUT_RETURN_TYPE = YES_ERROR;
				GCC_WARN_UNDECLARED_SELECTOR = YES;
				GCC_WARN_UNINITIALIZED_AUTOS = YES_AGGRESSIVE;
				GCC_WARN_UNUSED_FUNCTION = YES;
				GCC_WARN_UNUSED_VARIABLE = YES;
				IPHONEOS_DEPLOYMENT_TARGET = 12.1;
				MTL_ENABLE_DEBUG_INFO = NO;
				MTL_FAST_MATH = YES;
				SDKROOT = iphoneos;
				SWIFT_COMPILATION_MODE = wholemodule;
				SWIFT_OPTIMIZATION_LEVEL = "-O";
				VALIDATE_PRODUCT = YES;
			};
			name = Release;
		};
		C542CC9C2184BFFE007AE919 /* Debug */ = {
			isa = XCBuildConfiguration;
			buildSettings = {
				ASSETCATALOG_COMPILER_APPICON_NAME = AppIcon;
				CODE_SIGN_STYLE = Automatic;
				DEVELOPMENT_TEAM = 2B8E3Q86LX;
				INFOPLIST_FILE = HackOhio2018/Info.plist;
				IPHONEOS_DEPLOYMENT_TARGET = 12.0;
				LD_RUNPATH_SEARCH_PATHS = (
					"$(inherited)",
					"@executable_path/Frameworks",
				);
				PRODUCT_BUNDLE_IDENTIFIER = "Jeremy-Sandrof.HackOhio2018";
				PRODUCT_NAME = "$(TARGET_NAME)";
				SWIFT_VERSION = 4.2;
				TARGETED_DEVICE_FAMILY = "1,2";
			};
			name = Debug;
		};
		C542CC9D2184BFFE007AE919 /* Release */ = {
			isa = XCBuildConfiguration;
			buildSettings = {
				ASSETCATALOG_COMPILER_APPICON_NAME = AppIcon;
				CODE_SIGN_STYLE = Automatic;
				DEVELOPMENT_TEAM = 2B8E3Q86LX;
				INFOPLIST_FILE = HackOhio2018/Info.plist;
				IPHONEOS_DEPLOYMENT_TARGET = 12.0;
				LD_RUNPATH_SEARCH_PATHS = (
					"$(inherited)",
					"@executable_path/Frameworks",
				);
				PRODUCT_BUNDLE_IDENTIFIER = "Jeremy-Sandrof.HackOhio2018";
				PRODUCT_NAME = "$(TARGET_NAME)";
				SWIFT_VERSION = 4.2;
				TARGETED_DEVICE_FAMILY = "1,2";
			};
			name = Release;
		};
/* End XCBuildConfiguration section */

/* Begin XCConfigurationList section */
		C542CC822184BFFD007AE919 /* Build configuration list for PBXProject "HackOhio2018" */ = {
			isa = XCConfigurationList;
			buildConfigurations = (
				C542CC992184BFFE007AE919 /* Debug */,
				C542CC9A2184BFFE007AE919 /* Release */,
			);
			defaultConfigurationIsVisible = 0;
			defaultConfigurationName = Release;
		};
		C542CC9B2184BFFE007AE919 /* Build configuration list for PBXNativeTarget "HackOhio2018" */ = {
			isa = XCConfigurationList;
			buildConfigurations = (
				C542CC9C2184BFFE007AE919 /* Debug */,
				C542CC9D2184BFFE007AE919 /* Release */,
			);
			defaultConfigurationIsVisible = 0;
			defaultConfigurationName = Release;
		};
/* End XCConfigurationList section */
	};
	rootObject = C542CC7F2184BFFD007AE919 /* Project object */;
}
